
Microsoft Visual Studio Solution File, Format Version 12.00
# Visual Studio 14
VisualStudioVersion = 14.0.24720.0
MinimumVisualStudioVersion = 10.0.40219.1
Project("{8BC9CEB8-8B4A-11D0-8D11-00A0C91BC942}") = "Lab3_1_Rectangle", "Lab3_1_Rectangle\Lab3_1_Rectangle.vcxproj", "{ED2AA069-4087-49FC-936D-7E6F4AB1FAE5}"
EndProject
Project("{8BC9CEB8-8B4A-11D0-8D11-00A0C91BC942}") = "TheApplicationTest", "TheApplicationTest\TheApplicationTest.vcxproj", "{F9E4836A-DB97-4F60-9741-8E58E4696709}"
EndProject
Global
	GlobalSection(SolutionConfigurationPlatforms) = preSolution
		Debug|x64 = Debug|x64
		Debug|x86 = Debug|x86
		Release|x64 = Release|x64
		Release|x86 = Release|x86
	EndGlobalSection
	GlobalSection(ProjectConfigurationPlatforms) = postSolution
		{ED2AA069-4087-49FC-936D-7E6F4AB1FAE5}.Debug|x64.ActiveCfg = Debug|x64
		{ED2AA069-4087-49FC-936D-7E6F4AB1FAE5}.Debug|x64.Build.0 = Debug|x64
		{ED2AA069-4087-49FC-936D-7E6F4AB1FAE5}.Debug|x86.ActiveCfg = Debug|Win32
		{ED2AA069-4087-49FC-936D-7E6F4AB1FAE5}.Debug|x86.Build.0 = Debug|Win32
		{ED2AA069-4087-49FC-936D-7E6F4AB1FAE5}.Release|x64.ActiveCfg = Release|x64
		{ED2AA069-4087-49FC-936D-7E6F4AB1FAE5}.Release|x64.Build.0 = Release|x64
		{ED2AA069-4087-49FC-936D-7E6F4AB1FAE5}.Release|x86.ActiveCfg = Release|Win32
		{ED2AA069-4087-49FC-936D-7E6F4AB1FAE5}.Release|x86.Build.0 = Release|Win32
		{F9E4836A-DB97-4F60-9741-8E58E4696709}.Debug|x64.ActiveCfg = Debug|x64
		{F9E4836A-DB97-4F60-9741-8E58E4696709}.Debug|x64.Build.0 = Debug|x64
		{F9E4836A-DB97-4F60-9741-8E58E4696709}.Debug|x86.ActiveCfg = Debug|Win32
		{F9E4836A-DB97-4F60-9741-8E58E4696709}.Debug|x86.Build.0 = Debug|Win32
		{F9E4836A-DB97-4F60-9741-8E58E4696709}.Release|x64.ActiveCfg = Release|x64
		{F9E4836A-DB97-4F60-9741-8E58E4696709}.Release|x64.Build.0 = Release|x64
		{F9E4836A-DB97-4F60-9741-8E58E4696709}.Release|x86.ActiveCfg = Release|Win32
		{F9E4836A-DB97-4F60-9741-8E58E4696709}.Release|x86.Build.0 = Release|Win32
	EndGlobalSection
	GlobalSection(SolutionProperties) = preSolution
		HideSolutionNode = FALSE
	EndGlobalSection
EndGlobal
